
Microsoft Visual Studio Solution File, Format Version 12.00
# Visual Studio Version 17
VisualStudioVersion = 17.7.34031.279
MinimumVisualStudioVersion = 10.0.40219.1
Project("{9A19103F-16F7-4668-BE54-9A1E7A4F7556}") = "VirtualDesktop.FaceTracking", "VirtualDesktop.FaceTracking.csproj", "{55AFD4B2-9815-4A97-89D9-EB5BF8E037C5}"
EndProject
Global
	GlobalSection(SolutionConfigurationPlatforms) = preSolution
		Debug|Any CPU = Debug|Any CPU
		Release|Any CPU = Release|Any CPU
	EndGlobalSection
	GlobalSection(ProjectConfigurationPlatforms) = postSolution
		{55AFD4B2-9815-4A97-89D9-EB5BF8E037C5}.Debug|Any CPU.ActiveCfg = Debug|Any CPU
		{55AFD4B2-9815-4A97-89D9-EB5BF8E037C5}.Debug|Any CPU.Build.0 = Debug|Any CPU
		{55AFD4B2-9815-4A97-89D9-EB5BF8E037C5}.Release|Any CPU.ActiveCfg = Release|Any CPU
		{55AFD4B2-9815-4A97-89D9-EB5BF8E037C5}.Release|Any CPU.Build.0 = Release|Any CPU
	EndGlobalSection
	GlobalSection(SolutionProperties) = preSolution
		HideSolutionNode = FALSE
	EndGlobalSection
	GlobalSection(ExtensibilityGlobals) = postSolution
		SolutionGuid = {A2FAF436-40C3-4888-8FCA-D226ED2CAF9E}
	EndGlobalSection
EndGlobal
